
Microsoft Visual Studio Solution File, Format Version 12.00
# Visual Studio 15
VisualStudioVersion = 15.0.26124.0
MinimumVisualStudioVersion = 15.0.26124.0
Project("{FAE04EC0-301F-11D3-BF4B-00C04F79EFBC}") = "CodingTest.Api", "CodingTest.Api\CodingTest.Api.csproj", "{1876FDE6-1F0D-4910-A5A3-11DF7DAC81F9}"
EndProject
Project("{FAE04EC0-301F-11D3-BF4B-00C04F79EFBC}") = "CodingTest.Admin", "CodingTest.Admin\CodingTest.Admin.csproj", "{1F9CFE5F-2731-432A-9B8C-849941FD9AC4}"
EndProject
Project("{FAE04EC0-301F-11D3-BF4B-00C04F79EFBC}") = "CodingTest.DAL", "CodingTest.DAL\CodingTest.DAL.csproj", "{8A9239B6-7558-4481-81B9-9D269196EB5F}"
EndProject
Global
	GlobalSection(SolutionConfigurationPlatforms) = preSolution
		Debug|Any CPU = Debug|Any CPU
		Debug|x64 = Debug|x64
		Debug|x86 = Debug|x86
		Release|Any CPU = Release|Any CPU
		Release|x64 = Release|x64
		Release|x86 = Release|x86
	EndGlobalSection
	GlobalSection(SolutionProperties) = preSolution
		HideSolutionNode = FALSE
	EndGlobalSection
	GlobalSection(ProjectConfigurationPlatforms) = postSolution
		{1876FDE6-1F0D-4910-A5A3-11DF7DAC81F9}.Debug|Any CPU.ActiveCfg = Debug|Any CPU
		{1876FDE6-1F0D-4910-A5A3-11DF7DAC81F9}.Debug|Any CPU.Build.0 = Debug|Any CPU
		{1876FDE6-1F0D-4910-A5A3-11DF7DAC81F9}.Debug|x64.ActiveCfg = Debug|Any CPU
		{1876FDE6-1F0D-4910-A5A3-11DF7DAC81F9}.Debug|x64.Build.0 = Debug|Any CPU
		{1876FDE6-1F0D-4910-A5A3-11DF7DAC81F9}.Debug|x86.ActiveCfg = Debug|Any CPU
		{1876FDE6-1F0D-4910-A5A3-11DF7DAC81F9}.Debug|x86.Build.0 = Debug|Any CPU
		{1876FDE6-1F0D-4910-A5A3-11DF7DAC81F9}.Release|Any CPU.ActiveCfg = Release|Any CPU
		{1876FDE6-1F0D-4910-A5A3-11DF7DAC81F9}.Release|Any CPU.Build.0 = Release|Any CPU
		{1876FDE6-1F0D-4910-A5A3-11DF7DAC81F9}.Release|x64.ActiveCfg = Release|Any CPU
		{1876FDE6-1F0D-4910-A5A3-11DF7DAC81F9}.Release|x64.Build.0 = Release|Any CPU
		{1876FDE6-1F0D-4910-A5A3-11DF7DAC81F9}.Release|x86.ActiveCfg = Release|Any CPU
		{1876FDE6-1F0D-4910-A5A3-11DF7DAC81F9}.Release|x86.Build.0 = Release|Any CPU
		{1F9CFE5F-2731-432A-9B8C-849941FD9AC4}.Debug|Any CPU.ActiveCfg = Debug|Any CPU
		{1F9CFE5F-2731-432A-9B8C-849941FD9AC4}.Debug|Any CPU.Build.0 = Debug|Any CPU
		{1F9CFE5F-2731-432A-9B8C-849941FD9AC4}.Debug|x64.ActiveCfg = Debug|Any CPU
		{1F9CFE5F-2731-432A-9B8C-849941FD9AC4}.Debug|x64.Build.0 = Debug|Any CPU
		{1F9CFE5F-2731-432A-9B8C-849941FD9AC4}.Debug|x86.ActiveCfg = Debug|Any CPU
		{1F9CFE5F-2731-432A-9B8C-849941FD9AC4}.Debug|x86.Build.0 = Debug|Any CPU
		{1F9CFE5F-2731-432A-9B8C-849941FD9AC4}.Release|Any CPU.ActiveCfg = Release|Any CPU
		{1F9CFE5F-2731-432A-9B8C-849941FD9AC4}.Release|Any CPU.Build.0 = Release|Any CPU
		{1F9CFE5F-2731-432A-9B8C-849941FD9AC4}.Release|x64.ActiveCfg = Release|Any CPU
		{1F9CFE5F-2731-432A-9B8C-849941FD9AC4}.Release|x64.Build.0 = Release|Any CPU
		{1F9CFE5F-2731-432A-9B8C-849941FD9AC4}.Release|x86.ActiveCfg = Release|Any CPU
		{1F9CFE5F-2731-432A-9B8C-849941FD9AC4}.Release|x86.Build.0 = Release|Any CPU
		{8A9239B6-7558-4481-81B9-9D269196EB5F}.Debug|Any CPU.ActiveCfg = Debug|Any CPU
		{8A9239B6-7558-4481-81B9-9D269196EB5F}.Debug|Any CPU.Build.0 = Debug|Any CPU
		{8A9239B6-7558-4481-81B9-9D269196EB5F}.Debug|x64.ActiveCfg = Debug|Any CPU
		{8A9239B6-7558-4481-81B9-9D269196EB5F}.Debug|x64.Build.0 = Debug|Any CPU
		{8A9239B6-7558-4481-81B9-9D269196EB5F}.Debug|x86.ActiveCfg = Debug|Any CPU
		{8A9239B6-7558-4481-81B9-9D269196EB5F}.Debug|x86.Build.0 = Debug|Any CPU
		{8A9239B6-7558-4481-81B9-9D269196EB5F}.Release|Any CPU.ActiveCfg = Release|Any CPU
		{8A9239B6-7558-4481-81B9-9D269196EB5F}.Release|Any CPU.Build.0 = Release|Any CPU
		{8A9239B6-7558-4481-81B9-9D269196EB5F}.Release|x64.ActiveCfg = Release|Any CPU
		{8A9239B6-7558-4481-81B9-9D269196EB5F}.Release|x64.Build.0 = Release|Any CPU
		{8A9239B6-7558-4481-81B9-9D269196EB5F}.Release|x86.ActiveCfg = Release|Any CPU
		{8A9239B6-7558-4481-81B9-9D269196EB5F}.Release|x86.Build.0 = Release|Any CPU
	EndGlobalSection
EndGlobal
